
Microsoft Visual Studio Solution File, Format Version 12.00
# Visual Studio 15
VisualStudioVersion = 15.0.27004.2008
MinimumVisualStudioVersion = 10.0.40219.1
Project("{FAE04EC0-301F-11D3-BF4B-00C04F79EFBC}") = "LocPeek.Android", "LocPeek\LocPeek.Android\LocPeek.Android.csproj", "{EFFE41D8-CC06-4B82-9476-E171A3457EFF}"
EndProject
Project("{FAE04EC0-301F-11D3-BF4B-00C04F79EFBC}") = "LocPeek", "LocPeek\LocPeek\LocPeek.csproj", "{B1D2DCDA-EDD7-4362-A66A-3D63EFA5FF45}"
EndProject
Project("{FAE04EC0-301F-11D3-BF4B-00C04F79EFBC}") = "LocPeek.UWP", "LocPeek\LocPeek.UWP\LocPeek.UWP.csproj", "{493CBF35-FA44-4428-92ED-E947EB1E726C}"
EndProject
Project("{FAE04EC0-301F-11D3-BF4B-00C04F79EFBC}") = "LocPeek.iOS", "LocPeek\LocPeek.iOS\LocPeek.iOS.csproj", "{8DFF0D9D-47F1-47ED-A344-1AC1C273BADB}"
EndProject
Global
	GlobalSection(SolutionConfigurationPlatforms) = preSolution
		Ad-Hoc|Any CPU = Ad-Hoc|Any CPU
		Ad-Hoc|ARM = Ad-Hoc|ARM
		Ad-Hoc|iPhone = Ad-Hoc|iPhone
		Ad-Hoc|iPhoneSimulator = Ad-Hoc|iPhoneSimulator
		Ad-Hoc|x64 = Ad-Hoc|x64
		Ad-Hoc|x86 = Ad-Hoc|x86
		AppStore|Any CPU = AppStore|Any CPU
		AppStore|ARM = AppStore|ARM
		AppStore|iPhone = AppStore|iPhone
		AppStore|iPhoneSimulator = AppStore|iPhoneSimulator
		AppStore|x64 = AppStore|x64
		AppStore|x86 = AppStore|x86
		Debug|Any CPU = Debug|Any CPU
		Debug|ARM = Debug|ARM
		Debug|iPhone = Debug|iPhone
		Debug|iPhoneSimulator = Debug|iPhoneSimulator
		Debug|x64 = Debug|x64
		Debug|x86 = Debug|x86
		Release|Any CPU = Release|Any CPU
		Release|ARM = Release|ARM
		Release|iPhone = Release|iPhone
		Release|iPhoneSimulator = Release|iPhoneSimulator
		Release|x64 = Release|x64
		Release|x86 = Release|x86
	EndGlobalSection
	GlobalSection(ProjectConfigurationPlatforms) = postSolution
		{EFFE41D8-CC06-4B82-9476-E171A3457EFF}.Ad-Hoc|Any CPU.ActiveCfg = Release|Any CPU
		{EFFE41D8-CC06-4B82-9476-E171A3457EFF}.Ad-Hoc|Any CPU.Build.0 = Release|Any CPU
		{EFFE41D8-CC06-4B82-9476-E171A3457EFF}.Ad-Hoc|Any CPU.Deploy.0 = Release|Any CPU
		{EFFE41D8-CC06-4B82-9476-E171A3457EFF}.Ad-Hoc|ARM.ActiveCfg = Release|Any CPU
		{EFFE41D8-CC06-4B82-9476-E171A3457EFF}.Ad-Hoc|ARM.Build.0 = Release|Any CPU
		{EFFE41D8-CC06-4B82-9476-E171A3457EFF}.Ad-Hoc|ARM.Deploy.0 = Release|Any CPU
		{EFFE41D8-CC06-4B82-9476-E171A3457EFF}.Ad-Hoc|iPhone.ActiveCfg = Release|Any CPU
		{EFFE41D8-CC06-4B82-9476-E171A3457EFF}.Ad-Hoc|iPhone.Build.0 = Release|Any CPU
		{EFFE41D8-CC06-4B82-9476-E171A3457EFF}.Ad-Hoc|iPhone.Deploy.0 = Release|Any CPU
		{EFFE41D8-CC06-4B82-9476-E171A3457EFF}.Ad-Hoc|iPhoneSimulator.ActiveCfg = Release|Any CPU
		{EFFE41D8-CC06-4B82-9476-E171A3457EFF}.Ad-Hoc|iPhoneSimulator.Build.0 = Release|Any CPU
		{EFFE41D8-CC06-4B82-9476-E171A3457EFF}.Ad-Hoc|iPhoneSimulator.Deploy.0 = Release|Any CPU
		{EFFE41D8-CC06-4B82-9476-E171A3457EFF}.Ad-Hoc|x64.ActiveCfg = Release|Any CPU
		{EFFE41D8-CC06-4B82-9476-E171A3457EFF}.Ad-Hoc|x64.Build.0 = Release|Any CPU
		{EFFE41D8-CC06-4B82-9476-E171A3457EFF}.Ad-Hoc|x64.Deploy.0 = Release|Any CPU
		{EFFE41D8-CC06-4B82-9476-E171A3457EFF}.Ad-Hoc|x86.ActiveCfg = Release|Any CPU
		{EFFE41D8-CC06-4B82-9476-E171A3457EFF}.Ad-Hoc|x86.Build.0 = Release|Any CPU
		{EFFE41D8-CC06-4B82-9476-E171A3457EFF}.Ad-Hoc|x86.Deploy.0 = Release|Any CPU
		{EFFE41D8-CC06-4B82-9476-E171A3457EFF}.AppStore|Any CPU.ActiveCfg = Release|Any CPU
		{EFFE41D8-CC06-4B82-9476-E171A3457EFF}.AppStore|Any CPU.Build.0 = Release|Any CPU
		{EFFE41D8-CC06-4B82-9476-E171A3457EFF}.AppStore|Any CPU.Deploy.0 = Release|Any CPU
		{EFFE41D8-CC06-4B82-9476-E171A3457EFF}.AppStore|ARM.ActiveCfg = Release|Any CPU
		{EFFE41D8-CC06-4B82-9476-E171A3457EFF}.AppStore|ARM.Build.0 = Release|Any CPU
		{EFFE41D8-CC06-4B82-9476-E171A3457EFF}.AppStore|ARM.Deploy.0 = Release|Any CPU
		{EFFE41D8-CC06-4B82-9476-E171A3457EFF}.AppStore|iPhone.ActiveCfg = Release|Any CPU
		{EFFE41D8-CC06-4B82-9476-E171A3457EFF}.AppStore|iPhone.Build.0 = Release|Any CPU
		{EFFE41D8-CC06-4B82-9476-E171A3457EFF}.AppStore|iPhone.Deploy.0 = Release|Any CPU
		{EFFE41D8-CC06-4B82-9476-E171A3457EFF}.AppStore|iPhoneSimulator.ActiveCfg = Release|Any CPU
		{EFFE41D8-CC06-4B82-9476-E171A3457EFF}.AppStore|iPhoneSimulator.Build.0 = Release|Any CPU
		{EFFE41D8-CC06-4B82-9476-E171A3457EFF}.AppStore|iPhoneSimulator.Deploy.0 = Release|Any CPU
		{EFFE41D8-CC06-4B82-9476-E171A3457EFF}.AppStore|x64.ActiveCfg = Release|Any CPU
		{EFFE41D8-CC06-4B82-9476-E171A3457EFF}.AppStore|x64.Build.0 = Release|Any CPU
		{EFFE41D8-CC06-4B82-9476-E171A3457EFF}.AppStore|x64.Deploy.0 = Release|Any CPU
		{EFFE41D8-CC06-4B82-9476-E171A3457EFF}.AppStore|x86.ActiveCfg = Release|Any CPU
		{EFFE41D8-CC06-4B82-9476-E171A3457EFF}.AppStore|x86.Build.0 = Release|Any CPU
		{EFFE41D8-CC06-4B82-9476-E171A3457EFF}.AppStore|x86.Deploy.0 = Release|Any CPU
		{EFFE41D8-CC06-4B82-9476-E171A3457EFF}.Debug|Any CPU.ActiveCfg = Debug|Any CPU
		{EFFE41D8-CC06-4B82-9476-E171A3457EFF}.Debug|Any CPU.Build.0 = Debug|Any CPU
		{EFFE41D8-CC06-4B82-9476-E171A3457EFF}.Debug|Any CPU.Deploy.0 = Debug|Any CPU
		{EFFE41D8-CC06-4B82-9476-E171A3457EFF}.Debug|ARM.ActiveCfg = Debug|Any CPU
		{EFFE41D8-CC06-4B82-9476-E171A3457EFF}.Debug|ARM.Build.0 = Debug|Any CPU
		{EFFE41D8-CC06-4B82-9476-E171A3457EFF}.Debug|ARM.Deploy.0 = Debug|Any CPU
		{EFFE41D8-CC06-4B82-9476-E171A3457EFF}.Debug|iPhone.ActiveCfg = Debug|Any CPU
		{EFFE41D8-CC06-4B82-9476-E171A3457EFF}.Debug|iPhone.Build.0 = Debug|Any CPU
		{EFFE41D8-CC06-4B82-9476-E171A3457EFF}.Debug|iPhone.Deploy.0 = Debug|Any CPU
		{EFFE41D8-CC06-4B82-9476-E171A3457EFF}.Debug|iPhoneSimulator.ActiveCfg = Debug|Any CPU
		{EFFE41D8-CC06-4B82-9476-E171A3457EFF}.Debug|iPhoneSimulator.Build.0 = Debug|Any CPU
		{EFFE41D8-CC06-4B82-9476-E171A3457EFF}.Debug|iPhoneSimulator.Deploy.0 = Debug|Any CPU
		{EFFE41D8-CC06-4B82-9476-E171A3457EFF}.Debug|x64.ActiveCfg = Debug|Any CPU
		{EFFE41D8-CC06-4B82-9476-E171A3457EFF}.Debug|x64.Build.0 = Debug|Any CPU
		{EFFE41D8-CC06-4B82-9476-E171A3457EFF}.Debug|x64.Deploy.0 = Debug|Any CPU
		{EFFE41D8-CC06-4B82-9476-E171A3457EFF}.Debug|x86.ActiveCfg = Debug|Any CPU
		{EFFE41D8-CC06-4B82-9476-E171A3457EFF}.Debug|x86.Build.0 = Debug|Any CPU
		{EFFE41D8-CC06-4B82-9476-E171A3457EFF}.Debug|x86.Deploy.0 = Debug|Any CPU
		{EFFE41D8-CC06-4B82-9476-E171A3457EFF}.Release|Any CPU.ActiveCfg = Release|Any CPU
		{EFFE41D8-CC06-4B82-9476-E171A3457EFF}.Release|Any CPU.Build.0 = Release|Any CPU
		{EFFE41D8-CC06-4B82-9476-E171A3457EFF}.Release|Any CPU.Deploy.0 = Release|Any CPU
		{EFFE41D8-CC06-4B82-9476-E171A3457EFF}.Release|ARM.ActiveCfg = Release|Any CPU
		{EFFE41D8-CC06-4B82-9476-E171A3457EFF}.Release|ARM.Build.0 = Release|Any CPU
		{EFFE41D8-CC06-4B82-9476-E171A3457EFF}.Release|ARM.Deploy.0 = Release|Any CPU
		{EFFE41D8-CC06-4B82-9476-E171A3457EFF}.Release|iPhone.ActiveCfg = Release|Any CPU
		{EFFE41D8-CC06-4B82-9476-E171A3457EFF}.Release|iPhone.Build.0 = Release|Any CPU
		{EFFE41D8-CC06-4B82-9476-E171A3457EFF}.Release|iPhone.Deploy.0 = Release|Any CPU
		{EFFE41D8-CC06-4B82-9476-E171A3457EFF}.Release|iPhoneSimulator.ActiveCfg = Release|Any CPU
		{EFFE41D8-CC06-4B82-9476-E171A3457EFF}.Release|iPhoneSimulator.Build.0 = Release|Any CPU
		{EFFE41D8-CC06-4B82-9476-E171A3457EFF}.Release|iPhoneSimulator.Deploy.0 = Release|Any CPU
		{EFFE41D8-CC06-4B82-9476-E171A3457EFF}.Release|x64.ActiveCfg = Release|Any CPU
		{EFFE41D8-CC06-4B82-9476-E171A3457EFF}.Release|x64.Build.0 = Release|Any CPU
		{EFFE41D8-CC06-4B82-9476-E171A3457EFF}.Release|x64.Deploy.0 = Release|Any CPU
		{EFFE41D8-CC06-4B82-9476-E171A3457EFF}.Release|x86.ActiveCfg = Release|Any CPU
		{EFFE41D8-CC06-4B82-9476-E171A3457EFF}.Release|x86.Build.0 = Release|Any CPU
		{EFFE41D8-CC06-4B82-9476-E171A3457EFF}.Release|x86.Deploy.0 = Release|Any CPU
		{B1D2DCDA-EDD7-4362-A66A-3D63EFA5FF45}.Ad-Hoc|Any CPU.ActiveCfg = Release|Any CPU
		{B1D2DCDA-EDD7-4362-A66A-3D63EFA5FF45}.Ad-Hoc|Any CPU.Build.0 = Release|Any CPU
		{B1D2DCDA-EDD7-4362-A66A-3D63EFA5FF45}.Ad-Hoc|ARM.ActiveCfg = Release|Any CPU
		{B1D2DCDA-EDD7-4362-A66A-3D63EFA5FF45}.Ad-Hoc|ARM.Build.0 = Release|Any CPU
		{B1D2DCDA-EDD7-4362-A66A-3D63EFA5FF45}.Ad-Hoc|iPhone.ActiveCfg = Release|Any CPU
		{B1D2DCDA-EDD7-4362-A66A-3D63EFA5FF45}.Ad-Hoc|iPhone.Build.0 = Release|Any CPU
		{B1D2DCDA-EDD7-4362-A66A-3D63EFA5FF45}.Ad-Hoc|iPhoneSimulator.ActiveCfg = Release|Any CPU
		{B1D2DCDA-EDD7-4362-A66A-3D63EFA5FF45}.Ad-Hoc|iPhoneSimulator.Build.0 = Release|Any CPU
		{B1D2DCDA-EDD7-4362-A66A-3D63EFA5FF45}.Ad-Hoc|x64.ActiveCfg = Release|Any CPU
		{B1D2DCDA-EDD7-4362-A66A-3D63EFA5FF45}.Ad-Hoc|x64.Build.0 = Release|Any CPU
		{B1D2DCDA-EDD7-4362-A66A-3D63EFA5FF45}.Ad-Hoc|x86.ActiveCfg = Release|Any CPU
		{B1D2DCDA-EDD7-4362-A66A-3D63EFA5FF45}.Ad-Hoc|x86.Build.0 = Release|Any CPU
		{B1D2DCDA-EDD7-4362-A66A-3D63EFA5FF45}.AppStore|Any CPU.ActiveCfg = Release|Any CPU
		{B1D2DCDA-EDD7-4362-A66A-3D63EFA5FF45}.AppStore|Any CPU.Build.0 = Release|Any CPU
		{B1D2DCDA-EDD7-4362-A66A-3D63EFA5FF45}.AppStore|ARM.ActiveCfg = Release|Any CPU
		{B1D2DCDA-EDD7-4362-A66A-3D63EFA5FF45}.AppStore|ARM.Build.0 = Release|Any CPU
		{B1D2DCDA-EDD7-4362-A66A-3D63EFA5FF45}.AppStore|iPhone.ActiveCfg = Release|Any CPU
		{B1D2DCDA-EDD7-4362-A66A-3D63EFA5FF45}.AppStore|iPhone.Build.0 = Release|Any CPU
		{B1D2DCDA-EDD7-4362-A66A-3D63EFA5FF45}.AppStore|iPhoneSimulator.ActiveCfg = Release|Any CPU
		{B1D2DCDA-EDD7-4362-A66A-3D63EFA5FF45}.AppStore|iPhoneSimulator.Build.0 = Release|Any CPU
		{B1D2DCDA-EDD7-4362-A66A-3D63EFA5FF45}.AppStore|x64.ActiveCfg = Release|Any CPU
		{B1D2DCDA-EDD7-4362-A66A-3D63EFA5FF45}.AppStore|x64.Build.0 = Release|Any CPU
		{B1D2DCDA-EDD7-4362-A66A-3D63EFA5FF45}.AppStore|x86.ActiveCfg = Release|Any CPU
		{B1D2DCDA-EDD7-4362-A66A-3D63EFA5FF45}.AppStore|x86.Build.0 = Release|Any CPU
		{B1D2DCDA-EDD7-4362-A66A-3D63EFA5FF45}.Debug|Any CPU.ActiveCfg = Debug|Any CPU
		{B1D2DCDA-EDD7-4362-A66A-3D63EFA5FF45}.Debug|Any CPU.Build.0 = Debug|Any CPU
		{B1D2DCDA-EDD7-4362-A66A-3D63EFA5FF45}.Debug|ARM.ActiveCfg = Debug|Any CPU
		{B1D2DCDA-EDD7-4362-A66A-3D63EFA5FF45}.Debug|ARM.Build.0 = Debug|Any CPU
		{B1D2DCDA-EDD7-4362-A66A-3D63EFA5FF45}.Debug|iPhone.ActiveCfg = Debug|Any CPU
		{B1D2DCDA-EDD7-4362-A66A-3D63EFA5FF45}.Debug|iPhone.Build.0 = Debug|Any CPU
		{B1D2DCDA-EDD7-4362-A66A-3D63EFA5FF45}.Debug|iPhoneSimulator.ActiveCfg = Debug|Any CPU
		{B1D2DCDA-EDD7-4362-A66A-3D63EFA5FF45}.Debug|iPhoneSimulator.Build.0 = Debug|Any CPU
		{B1D2DCDA-EDD7-4362-A66A-3D63EFA5FF45}.Debug|x64.ActiveCfg = Debug|Any CPU
		{B1D2DCDA-EDD7-4362-A66A-3D63EFA5FF45}.Debug|x64.Build.0 = Debug|Any CPU
		{B1D2DCDA-EDD7-4362-A66A-3D63EFA5FF45}.Debug|x86.ActiveCfg = Debug|Any CPU
		{B1D2DCDA-EDD7-4362-A66A-3D63EFA5FF45}.Debug|x86.Build.0 = Debug|Any CPU
		{B1D2DCDA-EDD7-4362-A66A-3D63EFA5FF45}.Release|Any CPU.ActiveCfg = Release|Any CPU
		{B1D2DCDA-EDD7-4362-A66A-3D63EFA5FF45}.Release|Any CPU.Build.0 = Release|Any CPU
		{B1D2DCDA-EDD7-4362-A66A-3D63EFA5FF45}.Release|ARM.ActiveCfg = Release|Any CPU
		{B1D2DCDA-EDD7-4362-A66A-3D63EFA5FF45}.Release|ARM.Build.0 = Release|Any CPU
		{B1D2DCDA-EDD7-4362-A66A-3D63EFA5FF45}.Release|iPhone.ActiveCfg = Release|Any CPU
		{B1D2DCDA-EDD7-4362-A66A-3D63EFA5FF45}.Release|iPhone.Build.0 = Release|Any CPU
		{B1D2DCDA-EDD7-4362-A66A-3D63EFA5FF45}.Release|iPhoneSimulator.ActiveCfg = Release|Any CPU
		{B1D2DCDA-EDD7-4362-A66A-3D63EFA5FF45}.Release|iPhoneSimulator.Build.0 = Release|Any CPU
		{B1D2DCDA-EDD7-4362-A66A-3D63EFA5FF45}.Release|x64.ActiveCfg = Release|Any CPU
		{B1D2DCDA-EDD7-4362-A66A-3D63EFA5FF45}.Release|x64.Build.0 = Release|Any CPU
		{B1D2DCDA-EDD7-4362-A66A-3D63EFA5FF45}.Release|x86.ActiveCfg = Release|Any CPU
		{B1D2DCDA-EDD7-4362-A66A-3D63EFA5FF45}.Release|x86.Build.0 = Release|Any CPU
		{493CBF35-FA44-4428-92ED-E947EB1E726C}.Ad-Hoc|Any CPU.ActiveCfg = Release|x86
		{493CBF35-FA44-4428-92ED-E947EB1E726C}.Ad-Hoc|Any CPU.Build.0 = Release|x86
		{493CBF35-FA44-4428-92ED-E947EB1E726C}.Ad-Hoc|Any CPU.Deploy.0 = Release|x86
		{493CBF35-FA44-4428-92ED-E947EB1E726C}.Ad-Hoc|ARM.ActiveCfg = Release|ARM
		{493CBF35-FA44-4428-92ED-E947EB1E726C}.Ad-Hoc|ARM.Build.0 = Release|ARM
		{493CBF35-FA44-4428-92ED-E947EB1E726C}.Ad-Hoc|ARM.Deploy.0 = Release|ARM
		{493CBF35-FA44-4428-92ED-E947EB1E726C}.Ad-Hoc|iPhone.ActiveCfg = Release|x86
		{493CBF35-FA44-4428-92ED-E947EB1E726C}.Ad-Hoc|iPhone.Build.0 = Release|x86
		{493CBF35-FA44-4428-92ED-E947EB1E726C}.Ad-Hoc|iPhone.Deploy.0 = Release|x86
		{493CBF35-FA44-4428-92ED-E947EB1E726C}.Ad-Hoc|iPhoneSimulator.ActiveCfg = Release|x86
		{493CBF35-FA44-4428-92ED-E947EB1E726C}.Ad-Hoc|iPhoneSimulator.Build.0 = Release|x86
		{493CBF35-FA44-4428-92ED-E947EB1E726C}.Ad-Hoc|iPhoneSimulator.Deploy.0 = Release|x86
		{493CBF35-FA44-4428-92ED-E947EB1E726C}.Ad-Hoc|x64.ActiveCfg = Release|x64
		{493CBF35-FA44-4428-92ED-E947EB1E726C}.Ad-Hoc|x64.Build.0 = Release|x64
		{493CBF35-FA44-4428-92ED-E947EB1E726C}.Ad-Hoc|x64.Deploy.0 = Release|x64
		{493CBF35-FA44-4428-92ED-E947EB1E726C}.Ad-Hoc|x86.ActiveCfg = Release|x86
		{493CBF35-FA44-4428-92ED-E947EB1E726C}.Ad-Hoc|x86.Build.0 = Release|x86
		{493CBF35-FA44-4428-92ED-E947EB1E726C}.Ad-Hoc|x86.Deploy.0 = Release|x86
		{493CBF35-FA44-4428-92ED-E947EB1E726C}.AppStore|Any CPU.ActiveCfg = Release|x86
		{493CBF35-FA44-4428-92ED-E947EB1E726C}.AppStore|Any CPU.Build.0 = Release|x86
		{493CBF35-FA44-4428-92ED-E947EB1E726C}.AppStore|Any CPU.Deploy.0 = Release|x86
		{493CBF35-FA44-4428-92ED-E947EB1E726C}.AppStore|ARM.ActiveCfg = Release|ARM
		{493CBF35-FA44-4428-92ED-E947EB1E726C}.AppStore|ARM.Build.0 = Release|ARM
		{493CBF35-FA44-4428-92ED-E947EB1E726C}.AppStore|ARM.Deploy.0 = Release|ARM
		{493CBF35-FA44-4428-92ED-E947EB1E726C}.AppStore|iPhone.ActiveCfg = Release|x86
		{493CBF35-FA44-4428-92ED-E947EB1E726C}.AppStore|iPhone.Build.0 = Release|x86
		{493CBF35-FA44-4428-92ED-E947EB1E726C}.AppStore|iPhone.Deploy.0 = Release|x86
		{493CBF35-FA44-4428-92ED-E947EB1E726C}.AppStore|iPhoneSimulator.ActiveCfg = Release|x86
		{493CBF35-FA44-4428-92ED-E947EB1E726C}.AppStore|iPhoneSimulator.Build.0 = Release|x86
		{493CBF35-FA44-4428-92ED-E947EB1E726C}.AppStore|iPhoneSimulator.Deploy.0 = Release|x86
		{493CBF35-FA44-4428-92ED-E947EB1E726C}.AppStore|x64.ActiveCfg = Release|x64
		{493CBF35-FA44-4428-92ED-E947EB1E726C}.AppStore|x64.Build.0 = Release|x64
		{493CBF35-FA44-4428-92ED-E947EB1E726C}.AppStore|x64.Deploy.0 = Release|x64
		{493CBF35-FA44-4428-92ED-E947EB1E726C}.AppStore|x86.ActiveCfg = Release|x86
		{493CBF35-FA44-4428-92ED-E947EB1E726C}.AppStore|x86.Build.0 = Release|x86
		{493CBF35-FA44-4428-92ED-E947EB1E726C}.AppStore|x86.Deploy.0 = Release|x86
		{493CBF35-FA44-4428-92ED-E947EB1E726C}.Debug|Any CPU.ActiveCfg = Debug|x86
		{493CBF35-FA44-4428-92ED-E947EB1E726C}.Debug|ARM.ActiveCfg = Debug|ARM
		{493CBF35-FA44-4428-92ED-E947EB1E726C}.Debug|ARM.Build.0 = Debug|ARM
		{493CBF35-FA44-4428-92ED-E947EB1E726C}.Debug|ARM.Deploy.0 = Debug|ARM
		{493CBF35-FA44-4428-92ED-E947EB1E726C}.Debug|iPhone.ActiveCfg = Debug|x86
		{493CBF35-FA44-4428-92ED-E947EB1E726C}.Debug|iPhoneSimulator.ActiveCfg = Debug|x86
		{493CBF35-FA44-4428-92ED-E947EB1E726C}.Debug|x64.ActiveCfg = Debug|x64
		{493CBF35-FA44-4428-92ED-E947EB1E726C}.Debug|x64.Build.0 = Debug|x64
		{493CBF35-FA44-4428-92ED-E947EB1E726C}.Debug|x64.Deploy.0 = Debug|x64
		{493CBF35-FA44-4428-92ED-E947EB1E726C}.Debug|x86.ActiveCfg = Debug|x86
		{493CBF35-FA44-4428-92ED-E947EB1E726C}.Debug|x86.Build.0 = Debug|x86
		{493CBF35-FA44-4428-92ED-E947EB1E726C}.Debug|x86.Deploy.0 = Debug|x86
		{493CBF35-FA44-4428-92ED-E947EB1E726C}.Release|Any CPU.ActiveCfg = Release|x86
		{493CBF35-FA44-4428-92ED-E947EB1E726C}.Release|ARM.ActiveCfg = Release|ARM
		{493CBF35-FA44-4428-92ED-E947EB1E726C}.Release|ARM.Build.0 = Release|ARM
		{493CBF35-FA44-4428-92ED-E947EB1E726C}.Release|ARM.Deploy.0 = Release|ARM
		{493CBF35-FA44-4428-92ED-E947EB1E726C}.Release|iPhone.ActiveCfg = Release|x86
		{493CBF35-FA44-4428-92ED-E947EB1E726C}.Release|iPhoneSimulator.ActiveCfg = Release|x86
		{493CBF35-FA44-4428-92ED-E947EB1E726C}.Release|x64.ActiveCfg = Release|x64
		{493CBF35-FA44-4428-92ED-E947EB1E726C}.Release|x64.Build.0 = Release|x64
		{493CBF35-FA44-4428-92ED-E947EB1E726C}.Release|x64.Deploy.0 = Release|x64
		{493CBF35-FA44-4428-92ED-E947EB1E726C}.Release|x86.ActiveCfg = Release|x86
		{493CBF35-FA44-4428-92ED-E947EB1E726C}.Release|x86.Build.0 = Release|x86
		{493CBF35-FA44-4428-92ED-E947EB1E726C}.Release|x86.Deploy.0 = Release|x86
		{8DFF0D9D-47F1-47ED-A344-1AC1C273BADB}.Ad-Hoc|Any CPU.ActiveCfg = Ad-Hoc|iPhoneSimulator
		{8DFF0D9D-47F1-47ED-A344-1AC1C273BADB}.Ad-Hoc|ARM.ActiveCfg = Ad-Hoc|iPhone
		{8DFF0D9D-47F1-47ED-A344-1AC1C273BADB}.Ad-Hoc|iPhone.ActiveCfg = Ad-Hoc|iPhone
		{8DFF0D9D-47F1-47ED-A344-1AC1C273BADB}.Ad-Hoc|iPhone.Build.0 = Ad-Hoc|iPhone
		{8DFF0D9D-47F1-47ED-A344-1AC1C273BADB}.Ad-Hoc|iPhoneSimulator.ActiveCfg = Ad-Hoc|iPhoneSimulator
		{8DFF0D9D-47F1-47ED-A344-1AC1C273BADB}.Ad-Hoc|iPhoneSimulator.Build.0 = Ad-Hoc|iPhoneSimulator
		{8DFF0D9D-47F1-47ED-A344-1AC1C273BADB}.Ad-Hoc|x64.ActiveCfg = Ad-Hoc|iPhone
		{8DFF0D9D-47F1-47ED-A344-1AC1C273BADB}.Ad-Hoc|x86.ActiveCfg = Ad-Hoc|iPhone
		{8DFF0D9D-47F1-47ED-A344-1AC1C273BADB}.AppStore|Any CPU.ActiveCfg = AppStore|iPhoneSimulator
		{8DFF0D9D-47F1-47ED-A344-1AC1C273BADB}.AppStore|ARM.ActiveCfg = AppStore|iPhone
		{8DFF0D9D-47F1-47ED-A344-1AC1C273BADB}.AppStore|iPhone.ActiveCfg = AppStore|iPhone
		{8DFF0D9D-47F1-47ED-A344-1AC1C273BADB}.AppStore|iPhone.Build.0 = AppStore|iPhone
		{8DFF0D9D-47F1-47ED-A344-1AC1C273BADB}.AppStore|iPhoneSimulator.ActiveCfg = AppStore|iPhoneSimulator
		{8DFF0D9D-47F1-47ED-A344-1AC1C273BADB}.AppStore|iPhoneSimulator.Build.0 = AppStore|iPhoneSimulator
		{8DFF0D9D-47F1-47ED-A344-1AC1C273BADB}.AppStore|x64.ActiveCfg = AppStore|iPhone
		{8DFF0D9D-47F1-47ED-A344-1AC1C273BADB}.AppStore|x86.ActiveCfg = AppStore|iPhone
		{8DFF0D9D-47F1-47ED-A344-1AC1C273BADB}.Debug|Any CPU.ActiveCfg = Debug|iPhoneSimulator
		{8DFF0D9D-47F1-47ED-A344-1AC1C273BADB}.Debug|ARM.ActiveCfg = Debug|iPhone
		{8DFF0D9D-47F1-47ED-A344-1AC1C273BADB}.Debug|iPhone.ActiveCfg = Debug|iPhone
		{8DFF0D9D-47F1-47ED-A344-1AC1C273BADB}.Debug|iPhone.Build.0 = Debug|iPhone
		{8DFF0D9D-47F1-47ED-A344-1AC1C273BADB}.Debug|iPhoneSimulator.ActiveCfg = Debug|iPhoneSimulator
		{8DFF0D9D-47F1-47ED-A344-1AC1C273BADB}.Debug|iPhoneSimulator.Build.0 = Debug|iPhoneSimulator
		{8DFF0D9D-47F1-47ED-A344-1AC1C273BADB}.Debug|x64.ActiveCfg = Debug|iPhone
		{8DFF0D9D-47F1-47ED-A344-1AC1C273BADB}.Debug|x86.ActiveCfg = Debug|iPhone
		{8DFF0D9D-47F1-47ED-A344-1AC1C273BADB}.Release|Any CPU.ActiveCfg = Release|iPhoneSimulator
		{8DFF0D9D-47F1-47ED-A344-1AC1C273BADB}.Release|ARM.ActiveCfg = Release|iPhone
		{8DFF0D9D-47F1-47ED-A344-1AC1C273BADB}.Release|iPhone.ActiveCfg = Release|iPhone
		{8DFF0D9D-47F1-47ED-A344-1AC1C273BADB}.Release|iPhone.Build.0 = Release|iPhone
		{8DFF0D9D-47F1-47ED-A344-1AC1C273BADB}.Release|iPhoneSimulator.ActiveCfg = Release|iPhoneSimulator
		{8DFF0D9D-47F1-47ED-A344-1AC1C273BADB}.Release|iPhoneSimulator.Build.0 = Release|iPhoneSimulator
		{8DFF0D9D-47F1-47ED-A344-1AC1C273BADB}.Release|x64.ActiveCfg = Release|iPhone
		{8DFF0D9D-47F1-47ED-A344-1AC1C273BADB}.Release|x86.ActiveCfg = Release|iPhone
	EndGlobalSection
	GlobalSection(SolutionProperties) = preSolution
		HideSolutionNode = FALSE
	EndGlobalSection
	GlobalSection(ExtensibilityGlobals) = postSolution
		SolutionGuid = {5E37FFEC-46C9-449A-AD41-966E0A18C4E3}
	EndGlobalSection
EndGlobal
