
Microsoft Visual Studio Solution File, Format Version 12.00
# Visual Studio 15
VisualStudioVersion = 15.0.27428.2005
MinimumVisualStudioVersion = 10.0.40219.1
Project("{FAE04EC0-301F-11D3-BF4B-00C04F79EFBC}") = "LocPeek.Android", "LocPeek\LocPeek.Android\LocPeek.Android.csproj", "{6C36DE68-18DD-4C12-BCB2-98A6B286F356}"
EndProject
Project("{FAE04EC0-301F-11D3-BF4B-00C04F79EFBC}") = "LocPeek.iOS", "LocPeek\LocPeek.iOS\LocPeek.iOS.csproj", "{4408795C-E1CB-481A-8D40-0B85FD8865EB}"
EndProject
Project("{FAE04EC0-301F-11D3-BF4B-00C04F79EFBC}") = "LocPeek.UWP", "LocPeek\LocPeek.UWP\LocPeek.UWP.csproj", "{EA9B6149-246E-4A38-81F8-7591491AA919}"
EndProject
Project("{9A19103F-16F7-4668-BE54-9A1E7A4F7556}") = "LocPeek", "LocPeek\LocPeek\LocPeek.csproj", "{A09851B6-E299-4037-A52F-1C37F6C062DF}"
EndProject
Global
	GlobalSection(SolutionConfigurationPlatforms) = preSolution
		Ad-Hoc|Any CPU = Ad-Hoc|Any CPU
		Ad-Hoc|ARM = Ad-Hoc|ARM
		Ad-Hoc|iPhone = Ad-Hoc|iPhone
		Ad-Hoc|iPhoneSimulator = Ad-Hoc|iPhoneSimulator
		Ad-Hoc|x64 = Ad-Hoc|x64
		Ad-Hoc|x86 = Ad-Hoc|x86
		AppStore|Any CPU = AppStore|Any CPU
		AppStore|ARM = AppStore|ARM
		AppStore|iPhone = AppStore|iPhone
		AppStore|iPhoneSimulator = AppStore|iPhoneSimulator
		AppStore|x64 = AppStore|x64
		AppStore|x86 = AppStore|x86
		Debug|Any CPU = Debug|Any CPU
		Debug|ARM = Debug|ARM
		Debug|iPhone = Debug|iPhone
		Debug|iPhoneSimulator = Debug|iPhoneSimulator
		Debug|x64 = Debug|x64
		Debug|x86 = Debug|x86
		Release|Any CPU = Release|Any CPU
		Release|ARM = Release|ARM
		Release|iPhone = Release|iPhone
		Release|iPhoneSimulator = Release|iPhoneSimulator
		Release|x64 = Release|x64
		Release|x86 = Release|x86
	EndGlobalSection
	GlobalSection(ProjectConfigurationPlatforms) = postSolution
		{6C36DE68-18DD-4C12-BCB2-98A6B286F356}.Ad-Hoc|Any CPU.ActiveCfg = Release|Any CPU
		{6C36DE68-18DD-4C12-BCB2-98A6B286F356}.Ad-Hoc|Any CPU.Build.0 = Release|Any CPU
		{6C36DE68-18DD-4C12-BCB2-98A6B286F356}.Ad-Hoc|Any CPU.Deploy.0 = Release|Any CPU
		{6C36DE68-18DD-4C12-BCB2-98A6B286F356}.Ad-Hoc|ARM.ActiveCfg = Release|Any CPU
		{6C36DE68-18DD-4C12-BCB2-98A6B286F356}.Ad-Hoc|ARM.Build.0 = Release|Any CPU
		{6C36DE68-18DD-4C12-BCB2-98A6B286F356}.Ad-Hoc|ARM.Deploy.0 = Release|Any CPU
		{6C36DE68-18DD-4C12-BCB2-98A6B286F356}.Ad-Hoc|iPhone.ActiveCfg = Release|Any CPU
		{6C36DE68-18DD-4C12-BCB2-98A6B286F356}.Ad-Hoc|iPhone.Build.0 = Release|Any CPU
		{6C36DE68-18DD-4C12-BCB2-98A6B286F356}.Ad-Hoc|iPhone.Deploy.0 = Release|Any CPU
		{6C36DE68-18DD-4C12-BCB2-98A6B286F356}.Ad-Hoc|iPhoneSimulator.ActiveCfg = Release|Any CPU
		{6C36DE68-18DD-4C12-BCB2-98A6B286F356}.Ad-Hoc|iPhoneSimulator.Build.0 = Release|Any CPU
		{6C36DE68-18DD-4C12-BCB2-98A6B286F356}.Ad-Hoc|iPhoneSimulator.Deploy.0 = Release|Any CPU
		{6C36DE68-18DD-4C12-BCB2-98A6B286F356}.Ad-Hoc|x64.ActiveCfg = Release|Any CPU
		{6C36DE68-18DD-4C12-BCB2-98A6B286F356}.Ad-Hoc|x64.Build.0 = Release|Any CPU
		{6C36DE68-18DD-4C12-BCB2-98A6B286F356}.Ad-Hoc|x64.Deploy.0 = Release|Any CPU
		{6C36DE68-18DD-4C12-BCB2-98A6B286F356}.Ad-Hoc|x86.ActiveCfg = Release|Any CPU
		{6C36DE68-18DD-4C12-BCB2-98A6B286F356}.Ad-Hoc|x86.Build.0 = Release|Any CPU
		{6C36DE68-18DD-4C12-BCB2-98A6B286F356}.Ad-Hoc|x86.Deploy.0 = Release|Any CPU
		{6C36DE68-18DD-4C12-BCB2-98A6B286F356}.AppStore|Any CPU.ActiveCfg = Release|Any CPU
		{6C36DE68-18DD-4C12-BCB2-98A6B286F356}.AppStore|Any CPU.Build.0 = Release|Any CPU
		{6C36DE68-18DD-4C12-BCB2-98A6B286F356}.AppStore|Any CPU.Deploy.0 = Release|Any CPU
		{6C36DE68-18DD-4C12-BCB2-98A6B286F356}.AppStore|ARM.ActiveCfg = Release|Any CPU
		{6C36DE68-18DD-4C12-BCB2-98A6B286F356}.AppStore|ARM.Build.0 = Release|Any CPU
		{6C36DE68-18DD-4C12-BCB2-98A6B286F356}.AppStore|ARM.Deploy.0 = Release|Any CPU
		{6C36DE68-18DD-4C12-BCB2-98A6B286F356}.AppStore|iPhone.ActiveCfg = Release|Any CPU
		{6C36DE68-18DD-4C12-BCB2-98A6B286F356}.AppStore|iPhone.Build.0 = Release|Any CPU
		{6C36DE68-18DD-4C12-BCB2-98A6B286F356}.AppStore|iPhone.Deploy.0 = Release|Any CPU
		{6C36DE68-18DD-4C12-BCB2-98A6B286F356}.AppStore|iPhoneSimulator.ActiveCfg = Release|Any CPU
		{6C36DE68-18DD-4C12-BCB2-98A6B286F356}.AppStore|iPhoneSimulator.Build.0 = Release|Any CPU
		{6C36DE68-18DD-4C12-BCB2-98A6B286F356}.AppStore|iPhoneSimulator.Deploy.0 = Release|Any CPU
		{6C36DE68-18DD-4C12-BCB2-98A6B286F356}.AppStore|x64.ActiveCfg = Release|Any CPU
		{6C36DE68-18DD-4C12-BCB2-98A6B286F356}.AppStore|x64.Build.0 = Release|Any CPU
		{6C36DE68-18DD-4C12-BCB2-98A6B286F356}.AppStore|x64.Deploy.0 = Release|Any CPU
		{6C36DE68-18DD-4C12-BCB2-98A6B286F356}.AppStore|x86.ActiveCfg = Release|Any CPU
		{6C36DE68-18DD-4C12-BCB2-98A6B286F356}.AppStore|x86.Build.0 = Release|Any CPU
		{6C36DE68-18DD-4C12-BCB2-98A6B286F356}.AppStore|x86.Deploy.0 = Release|Any CPU
		{6C36DE68-18DD-4C12-BCB2-98A6B286F356}.Debug|Any CPU.ActiveCfg = Debug|Any CPU
		{6C36DE68-18DD-4C12-BCB2-98A6B286F356}.Debug|Any CPU.Build.0 = Debug|Any CPU
		{6C36DE68-18DD-4C12-BCB2-98A6B286F356}.Debug|Any CPU.Deploy.0 = Debug|Any CPU
		{6C36DE68-18DD-4C12-BCB2-98A6B286F356}.Debug|ARM.ActiveCfg = Debug|Any CPU
		{6C36DE68-18DD-4C12-BCB2-98A6B286F356}.Debug|ARM.Build.0 = Debug|Any CPU
		{6C36DE68-18DD-4C12-BCB2-98A6B286F356}.Debug|ARM.Deploy.0 = Debug|Any CPU
		{6C36DE68-18DD-4C12-BCB2-98A6B286F356}.Debug|iPhone.ActiveCfg = Debug|Any CPU
		{6C36DE68-18DD-4C12-BCB2-98A6B286F356}.Debug|iPhone.Build.0 = Debug|Any CPU
		{6C36DE68-18DD-4C12-BCB2-98A6B286F356}.Debug|iPhone.Deploy.0 = Debug|Any CPU
		{6C36DE68-18DD-4C12-BCB2-98A6B286F356}.Debug|iPhoneSimulator.ActiveCfg = Debug|Any CPU
		{6C36DE68-18DD-4C12-BCB2-98A6B286F356}.Debug|iPhoneSimulator.Build.0 = Debug|Any CPU
		{6C36DE68-18DD-4C12-BCB2-98A6B286F356}.Debug|iPhoneSimulator.Deploy.0 = Debug|Any CPU
		{6C36DE68-18DD-4C12-BCB2-98A6B286F356}.Debug|x64.ActiveCfg = Debug|Any CPU
		{6C36DE68-18DD-4C12-BCB2-98A6B286F356}.Debug|x64.Build.0 = Debug|Any CPU
		{6C36DE68-18DD-4C12-BCB2-98A6B286F356}.Debug|x64.Deploy.0 = Debug|Any CPU
		{6C36DE68-18DD-4C12-BCB2-98A6B286F356}.Debug|x86.ActiveCfg = Debug|Any CPU
		{6C36DE68-18DD-4C12-BCB2-98A6B286F356}.Debug|x86.Build.0 = Debug|Any CPU
		{6C36DE68-18DD-4C12-BCB2-98A6B286F356}.Debug|x86.Deploy.0 = Debug|Any CPU
		{6C36DE68-18DD-4C12-BCB2-98A6B286F356}.Release|Any CPU.ActiveCfg = Release|Any CPU
		{6C36DE68-18DD-4C12-BCB2-98A6B286F356}.Release|Any CPU.Build.0 = Release|Any CPU
		{6C36DE68-18DD-4C12-BCB2-98A6B286F356}.Release|Any CPU.Deploy.0 = Release|Any CPU
		{6C36DE68-18DD-4C12-BCB2-98A6B286F356}.Release|ARM.ActiveCfg = Release|Any CPU
		{6C36DE68-18DD-4C12-BCB2-98A6B286F356}.Release|ARM.Build.0 = Release|Any CPU
		{6C36DE68-18DD-4C12-BCB2-98A6B286F356}.Release|ARM.Deploy.0 = Release|Any CPU
		{6C36DE68-18DD-4C12-BCB2-98A6B286F356}.Release|iPhone.ActiveCfg = Release|Any CPU
		{6C36DE68-18DD-4C12-BCB2-98A6B286F356}.Release|iPhone.Build.0 = Release|Any CPU
		{6C36DE68-18DD-4C12-BCB2-98A6B286F356}.Release|iPhone.Deploy.0 = Release|Any CPU
		{6C36DE68-18DD-4C12-BCB2-98A6B286F356}.Release|iPhoneSimulator.ActiveCfg = Release|Any CPU
		{6C36DE68-18DD-4C12-BCB2-98A6B286F356}.Release|iPhoneSimulator.Build.0 = Release|Any CPU
		{6C36DE68-18DD-4C12-BCB2-98A6B286F356}.Release|iPhoneSimulator.Deploy.0 = Release|Any CPU
		{6C36DE68-18DD-4C12-BCB2-98A6B286F356}.Release|x64.ActiveCfg = Release|Any CPU
		{6C36DE68-18DD-4C12-BCB2-98A6B286F356}.Release|x64.Build.0 = Release|Any CPU
		{6C36DE68-18DD-4C12-BCB2-98A6B286F356}.Release|x64.Deploy.0 = Release|Any CPU
		{6C36DE68-18DD-4C12-BCB2-98A6B286F356}.Release|x86.ActiveCfg = Release|Any CPU
		{6C36DE68-18DD-4C12-BCB2-98A6B286F356}.Release|x86.Build.0 = Release|Any CPU
		{6C36DE68-18DD-4C12-BCB2-98A6B286F356}.Release|x86.Deploy.0 = Release|Any CPU
		{4408795C-E1CB-481A-8D40-0B85FD8865EB}.Ad-Hoc|Any CPU.ActiveCfg = Ad-Hoc|iPhone
		{4408795C-E1CB-481A-8D40-0B85FD8865EB}.Ad-Hoc|ARM.ActiveCfg = Ad-Hoc|iPhone
		{4408795C-E1CB-481A-8D40-0B85FD8865EB}.Ad-Hoc|iPhone.ActiveCfg = Ad-Hoc|iPhone
		{4408795C-E1CB-481A-8D40-0B85FD8865EB}.Ad-Hoc|iPhone.Build.0 = Ad-Hoc|iPhone
		{4408795C-E1CB-481A-8D40-0B85FD8865EB}.Ad-Hoc|iPhoneSimulator.ActiveCfg = Ad-Hoc|iPhoneSimulator
		{4408795C-E1CB-481A-8D40-0B85FD8865EB}.Ad-Hoc|iPhoneSimulator.Build.0 = Ad-Hoc|iPhoneSimulator
		{4408795C-E1CB-481A-8D40-0B85FD8865EB}.Ad-Hoc|x64.ActiveCfg = Ad-Hoc|iPhone
		{4408795C-E1CB-481A-8D40-0B85FD8865EB}.Ad-Hoc|x86.ActiveCfg = Ad-Hoc|iPhone
		{4408795C-E1CB-481A-8D40-0B85FD8865EB}.AppStore|Any CPU.ActiveCfg = AppStore|iPhone
		{4408795C-E1CB-481A-8D40-0B85FD8865EB}.AppStore|ARM.ActiveCfg = AppStore|iPhone
		{4408795C-E1CB-481A-8D40-0B85FD8865EB}.AppStore|iPhone.ActiveCfg = AppStore|iPhone
		{4408795C-E1CB-481A-8D40-0B85FD8865EB}.AppStore|iPhone.Build.0 = AppStore|iPhone
		{4408795C-E1CB-481A-8D40-0B85FD8865EB}.AppStore|iPhoneSimulator.ActiveCfg = AppStore|iPhoneSimulator
		{4408795C-E1CB-481A-8D40-0B85FD8865EB}.AppStore|iPhoneSimulator.Build.0 = AppStore|iPhoneSimulator
		{4408795C-E1CB-481A-8D40-0B85FD8865EB}.AppStore|x64.ActiveCfg = AppStore|iPhone
		{4408795C-E1CB-481A-8D40-0B85FD8865EB}.AppStore|x86.ActiveCfg = AppStore|iPhone
		{4408795C-E1CB-481A-8D40-0B85FD8865EB}.Debug|Any CPU.ActiveCfg = Debug|iPhone
		{4408795C-E1CB-481A-8D40-0B85FD8865EB}.Debug|ARM.ActiveCfg = Debug|iPhone
		{4408795C-E1CB-481A-8D40-0B85FD8865EB}.Debug|iPhone.ActiveCfg = Debug|iPhone
		{4408795C-E1CB-481A-8D40-0B85FD8865EB}.Debug|iPhone.Build.0 = Debug|iPhone
		{4408795C-E1CB-481A-8D40-0B85FD8865EB}.Debug|iPhoneSimulator.ActiveCfg = Debug|iPhoneSimulator
		{4408795C-E1CB-481A-8D40-0B85FD8865EB}.Debug|iPhoneSimulator.Build.0 = Debug|iPhoneSimulator
		{4408795C-E1CB-481A-8D40-0B85FD8865EB}.Debug|x64.ActiveCfg = Debug|iPhone
		{4408795C-E1CB-481A-8D40-0B85FD8865EB}.Debug|x86.ActiveCfg = Debug|iPhone
		{4408795C-E1CB-481A-8D40-0B85FD8865EB}.Release|Any CPU.ActiveCfg = Release|iPhone
		{4408795C-E1CB-481A-8D40-0B85FD8865EB}.Release|ARM.ActiveCfg = Release|iPhone
		{4408795C-E1CB-481A-8D40-0B85FD8865EB}.Release|iPhone.ActiveCfg = Release|iPhone
		{4408795C-E1CB-481A-8D40-0B85FD8865EB}.Release|iPhone.Build.0 = Release|iPhone
		{4408795C-E1CB-481A-8D40-0B85FD8865EB}.Release|iPhoneSimulator.ActiveCfg = Release|iPhoneSimulator
		{4408795C-E1CB-481A-8D40-0B85FD8865EB}.Release|iPhoneSimulator.Build.0 = Release|iPhoneSimulator
		{4408795C-E1CB-481A-8D40-0B85FD8865EB}.Release|x64.ActiveCfg = Release|iPhone
		{4408795C-E1CB-481A-8D40-0B85FD8865EB}.Release|x86.ActiveCfg = Release|iPhone
		{EA9B6149-246E-4A38-81F8-7591491AA919}.Ad-Hoc|Any CPU.ActiveCfg = Release|x86
		{EA9B6149-246E-4A38-81F8-7591491AA919}.Ad-Hoc|Any CPU.Build.0 = Release|x86
		{EA9B6149-246E-4A38-81F8-7591491AA919}.Ad-Hoc|Any CPU.Deploy.0 = Release|x86
		{EA9B6149-246E-4A38-81F8-7591491AA919}.Ad-Hoc|ARM.ActiveCfg = Release|ARM
		{EA9B6149-246E-4A38-81F8-7591491AA919}.Ad-Hoc|ARM.Build.0 = Release|ARM
		{EA9B6149-246E-4A38-81F8-7591491AA919}.Ad-Hoc|ARM.Deploy.0 = Release|ARM
		{EA9B6149-246E-4A38-81F8-7591491AA919}.Ad-Hoc|iPhone.ActiveCfg = Release|x86
		{EA9B6149-246E-4A38-81F8-7591491AA919}.Ad-Hoc|iPhone.Build.0 = Release|x86
		{EA9B6149-246E-4A38-81F8-7591491AA919}.Ad-Hoc|iPhone.Deploy.0 = Release|x86
		{EA9B6149-246E-4A38-81F8-7591491AA919}.Ad-Hoc|iPhoneSimulator.ActiveCfg = Release|x86
		{EA9B6149-246E-4A38-81F8-7591491AA919}.Ad-Hoc|iPhoneSimulator.Build.0 = Release|x86
		{EA9B6149-246E-4A38-81F8-7591491AA919}.Ad-Hoc|iPhoneSimulator.Deploy.0 = Release|x86
		{EA9B6149-246E-4A38-81F8-7591491AA919}.Ad-Hoc|x64.ActiveCfg = Release|x64
		{EA9B6149-246E-4A38-81F8-7591491AA919}.Ad-Hoc|x64.Build.0 = Release|x64
		{EA9B6149-246E-4A38-81F8-7591491AA919}.Ad-Hoc|x64.Deploy.0 = Release|x64
		{EA9B6149-246E-4A38-81F8-7591491AA919}.Ad-Hoc|x86.ActiveCfg = Release|x86
		{EA9B6149-246E-4A38-81F8-7591491AA919}.Ad-Hoc|x86.Build.0 = Release|x86
		{EA9B6149-246E-4A38-81F8-7591491AA919}.Ad-Hoc|x86.Deploy.0 = Release|x86
		{EA9B6149-246E-4A38-81F8-7591491AA919}.AppStore|Any CPU.ActiveCfg = Release|x86
		{EA9B6149-246E-4A38-81F8-7591491AA919}.AppStore|Any CPU.Build.0 = Release|x86
		{EA9B6149-246E-4A38-81F8-7591491AA919}.AppStore|Any CPU.Deploy.0 = Release|x86
		{EA9B6149-246E-4A38-81F8-7591491AA919}.AppStore|ARM.ActiveCfg = Release|ARM
		{EA9B6149-246E-4A38-81F8-7591491AA919}.AppStore|ARM.Build.0 = Release|ARM
		{EA9B6149-246E-4A38-81F8-7591491AA919}.AppStore|ARM.Deploy.0 = Release|ARM
		{EA9B6149-246E-4A38-81F8-7591491AA919}.AppStore|iPhone.ActiveCfg = Release|x86
		{EA9B6149-246E-4A38-81F8-7591491AA919}.AppStore|iPhone.Build.0 = Release|x86
		{EA9B6149-246E-4A38-81F8-7591491AA919}.AppStore|iPhone.Deploy.0 = Release|x86
		{EA9B6149-246E-4A38-81F8-7591491AA919}.AppStore|iPhoneSimulator.ActiveCfg = Release|x86
		{EA9B6149-246E-4A38-81F8-7591491AA919}.AppStore|iPhoneSimulator.Build.0 = Release|x86
		{EA9B6149-246E-4A38-81F8-7591491AA919}.AppStore|iPhoneSimulator.Deploy.0 = Release|x86
		{EA9B6149-246E-4A38-81F8-7591491AA919}.AppStore|x64.ActiveCfg = Release|x64
		{EA9B6149-246E-4A38-81F8-7591491AA919}.AppStore|x64.Build.0 = Release|x64
		{EA9B6149-246E-4A38-81F8-7591491AA919}.AppStore|x64.Deploy.0 = Release|x64
		{EA9B6149-246E-4A38-81F8-7591491AA919}.AppStore|x86.ActiveCfg = Release|x86
		{EA9B6149-246E-4A38-81F8-7591491AA919}.AppStore|x86.Build.0 = Release|x86
		{EA9B6149-246E-4A38-81F8-7591491AA919}.AppStore|x86.Deploy.0 = Release|x86
		{EA9B6149-246E-4A38-81F8-7591491AA919}.Debug|Any CPU.ActiveCfg = Debug|x86
		{EA9B6149-246E-4A38-81F8-7591491AA919}.Debug|ARM.ActiveCfg = Debug|ARM
		{EA9B6149-246E-4A38-81F8-7591491AA919}.Debug|ARM.Build.0 = Debug|ARM
		{EA9B6149-246E-4A38-81F8-7591491AA919}.Debug|ARM.Deploy.0 = Debug|ARM
		{EA9B6149-246E-4A38-81F8-7591491AA919}.Debug|iPhone.ActiveCfg = Debug|x86
		{EA9B6149-246E-4A38-81F8-7591491AA919}.Debug|iPhoneSimulator.ActiveCfg = Debug|x86
		{EA9B6149-246E-4A38-81F8-7591491AA919}.Debug|x64.ActiveCfg = Debug|x64
		{EA9B6149-246E-4A38-81F8-7591491AA919}.Debug|x64.Build.0 = Debug|x64
		{EA9B6149-246E-4A38-81F8-7591491AA919}.Debug|x64.Deploy.0 = Debug|x64
		{EA9B6149-246E-4A38-81F8-7591491AA919}.Debug|x86.ActiveCfg = Debug|x86
		{EA9B6149-246E-4A38-81F8-7591491AA919}.Debug|x86.Build.0 = Debug|x86
		{EA9B6149-246E-4A38-81F8-7591491AA919}.Debug|x86.Deploy.0 = Debug|x86
		{EA9B6149-246E-4A38-81F8-7591491AA919}.Release|Any CPU.ActiveCfg = Release|x86
		{EA9B6149-246E-4A38-81F8-7591491AA919}.Release|ARM.ActiveCfg = Release|ARM
		{EA9B6149-246E-4A38-81F8-7591491AA919}.Release|ARM.Build.0 = Release|ARM
		{EA9B6149-246E-4A38-81F8-7591491AA919}.Release|ARM.Deploy.0 = Release|ARM
		{EA9B6149-246E-4A38-81F8-7591491AA919}.Release|iPhone.ActiveCfg = Release|x86
		{EA9B6149-246E-4A38-81F8-7591491AA919}.Release|iPhoneSimulator.ActiveCfg = Release|x86
		{EA9B6149-246E-4A38-81F8-7591491AA919}.Release|x64.ActiveCfg = Release|x64
		{EA9B6149-246E-4A38-81F8-7591491AA919}.Release|x64.Build.0 = Release|x64
		{EA9B6149-246E-4A38-81F8-7591491AA919}.Release|x64.Deploy.0 = Release|x64
		{EA9B6149-246E-4A38-81F8-7591491AA919}.Release|x86.ActiveCfg = Release|x86
		{EA9B6149-246E-4A38-81F8-7591491AA919}.Release|x86.Build.0 = Release|x86
		{EA9B6149-246E-4A38-81F8-7591491AA919}.Release|x86.Deploy.0 = Release|x86
		{A09851B6-E299-4037-A52F-1C37F6C062DF}.Ad-Hoc|Any CPU.ActiveCfg = Debug|Any CPU
		{A09851B6-E299-4037-A52F-1C37F6C062DF}.Ad-Hoc|Any CPU.Build.0 = Debug|Any CPU
		{A09851B6-E299-4037-A52F-1C37F6C062DF}.Ad-Hoc|ARM.ActiveCfg = Debug|Any CPU
		{A09851B6-E299-4037-A52F-1C37F6C062DF}.Ad-Hoc|ARM.Build.0 = Debug|Any CPU
		{A09851B6-E299-4037-A52F-1C37F6C062DF}.Ad-Hoc|iPhone.ActiveCfg = Debug|Any CPU
		{A09851B6-E299-4037-A52F-1C37F6C062DF}.Ad-Hoc|iPhone.Build.0 = Debug|Any CPU
		{A09851B6-E299-4037-A52F-1C37F6C062DF}.Ad-Hoc|iPhoneSimulator.ActiveCfg = Debug|Any CPU
		{A09851B6-E299-4037-A52F-1C37F6C062DF}.Ad-Hoc|iPhoneSimulator.Build.0 = Debug|Any CPU
		{A09851B6-E299-4037-A52F-1C37F6C062DF}.Ad-Hoc|x64.ActiveCfg = Debug|Any CPU
		{A09851B6-E299-4037-A52F-1C37F6C062DF}.Ad-Hoc|x64.Build.0 = Debug|Any CPU
		{A09851B6-E299-4037-A52F-1C37F6C062DF}.Ad-Hoc|x86.ActiveCfg = Debug|Any CPU
		{A09851B6-E299-4037-A52F-1C37F6C062DF}.Ad-Hoc|x86.Build.0 = Debug|Any CPU
		{A09851B6-E299-4037-A52F-1C37F6C062DF}.AppStore|Any CPU.ActiveCfg = Debug|Any CPU
		{A09851B6-E299-4037-A52F-1C37F6C062DF}.AppStore|Any CPU.Build.0 = Debug|Any CPU
		{A09851B6-E299-4037-A52F-1C37F6C062DF}.AppStore|ARM.ActiveCfg = Debug|Any CPU
		{A09851B6-E299-4037-A52F-1C37F6C062DF}.AppStore|ARM.Build.0 = Debug|Any CPU
		{A09851B6-E299-4037-A52F-1C37F6C062DF}.AppStore|iPhone.ActiveCfg = Debug|Any CPU
		{A09851B6-E299-4037-A52F-1C37F6C062DF}.AppStore|iPhone.Build.0 = Debug|Any CPU
		{A09851B6-E299-4037-A52F-1C37F6C062DF}.AppStore|iPhoneSimulator.ActiveCfg = Debug|Any CPU
		{A09851B6-E299-4037-A52F-1C37F6C062DF}.AppStore|iPhoneSimulator.Build.0 = Debug|Any CPU
		{A09851B6-E299-4037-A52F-1C37F6C062DF}.AppStore|x64.ActiveCfg = Debug|Any CPU
		{A09851B6-E299-4037-A52F-1C37F6C062DF}.AppStore|x64.Build.0 = Debug|Any CPU
		{A09851B6-E299-4037-A52F-1C37F6C062DF}.AppStore|x86.ActiveCfg = Debug|Any CPU
		{A09851B6-E299-4037-A52F-1C37F6C062DF}.AppStore|x86.Build.0 = Debug|Any CPU
		{A09851B6-E299-4037-A52F-1C37F6C062DF}.Debug|Any CPU.ActiveCfg = Debug|Any CPU
		{A09851B6-E299-4037-A52F-1C37F6C062DF}.Debug|Any CPU.Build.0 = Debug|Any CPU
		{A09851B6-E299-4037-A52F-1C37F6C062DF}.Debug|ARM.ActiveCfg = Debug|Any CPU
		{A09851B6-E299-4037-A52F-1C37F6C062DF}.Debug|ARM.Build.0 = Debug|Any CPU
		{A09851B6-E299-4037-A52F-1C37F6C062DF}.Debug|iPhone.ActiveCfg = Debug|Any CPU
		{A09851B6-E299-4037-A52F-1C37F6C062DF}.Debug|iPhone.Build.0 = Debug|Any CPU
		{A09851B6-E299-4037-A52F-1C37F6C062DF}.Debug|iPhoneSimulator.ActiveCfg = Debug|Any CPU
		{A09851B6-E299-4037-A52F-1C37F6C062DF}.Debug|iPhoneSimulator.Build.0 = Debug|Any CPU
		{A09851B6-E299-4037-A52F-1C37F6C062DF}.Debug|x64.ActiveCfg = Debug|Any CPU
		{A09851B6-E299-4037-A52F-1C37F6C062DF}.Debug|x64.Build.0 = Debug|Any CPU
		{A09851B6-E299-4037-A52F-1C37F6C062DF}.Debug|x86.ActiveCfg = Debug|Any CPU
		{A09851B6-E299-4037-A52F-1C37F6C062DF}.Debug|x86.Build.0 = Debug|Any CPU
		{A09851B6-E299-4037-A52F-1C37F6C062DF}.Release|Any CPU.ActiveCfg = Release|Any CPU
		{A09851B6-E299-4037-A52F-1C37F6C062DF}.Release|Any CPU.Build.0 = Release|Any CPU
		{A09851B6-E299-4037-A52F-1C37F6C062DF}.Release|ARM.ActiveCfg = Release|Any CPU
		{A09851B6-E299-4037-A52F-1C37F6C062DF}.Release|ARM.Build.0 = Release|Any CPU
		{A09851B6-E299-4037-A52F-1C37F6C062DF}.Release|iPhone.ActiveCfg = Release|Any CPU
		{A09851B6-E299-4037-A52F-1C37F6C062DF}.Release|iPhone.Build.0 = Release|Any CPU
		{A09851B6-E299-4037-A52F-1C37F6C062DF}.Release|iPhoneSimulator.ActiveCfg = Release|Any CPU
		{A09851B6-E299-4037-A52F-1C37F6C062DF}.Release|iPhoneSimulator.Build.0 = Release|Any CPU
		{A09851B6-E299-4037-A52F-1C37F6C062DF}.Release|x64.ActiveCfg = Release|Any CPU
		{A09851B6-E299-4037-A52F-1C37F6C062DF}.Release|x64.Build.0 = Release|Any CPU
		{A09851B6-E299-4037-A52F-1C37F6C062DF}.Release|x86.ActiveCfg = Release|Any CPU
		{A09851B6-E299-4037-A52F-1C37F6C062DF}.Release|x86.Build.0 = Release|Any CPU
	EndGlobalSection
	GlobalSection(SolutionProperties) = preSolution
		HideSolutionNode = FALSE
	EndGlobalSection
	GlobalSection(ExtensibilityGlobals) = postSolution
		SolutionGuid = {8D232E4F-799D-4330-901D-90AD0484007D}
	EndGlobalSection
EndGlobal
